
Microsoft Visual Studio Solution File, Format Version 12.00
# Visual Studio 14
VisualStudioVersion = 14.0.25420.1
MinimumVisualStudioVersion = 10.0.40219.1
Project("{FAE04EC0-301F-11D3-BF4B-00C04F79EFBC}") = "EmoMe.Droid", "EmoMe\EmoMe.Droid\EmoMe.Droid.csproj", "{E11376E0-F16C-44FE-867A-B12F78C9B99A}"
EndProject
Project("{FAE04EC0-301F-11D3-BF4B-00C04F79EFBC}") = "EmoMe.iOS", "EmoMe\EmoMe.iOS\EmoMe.iOS.csproj", "{56EDA5AC-6002-41E7-9112-B0E4A07AEA52}"
EndProject
Project("{FAE04EC0-301F-11D3-BF4B-00C04F79EFBC}") = "EmoMe", "EmoMe\EmoMe\EmoMe.csproj", "{B87A8742-4453-4A3C-806A-6C29709BA0AD}"
EndProject
Global
	GlobalSection(SolutionConfigurationPlatforms) = preSolution
		Ad-Hoc|Any CPU = Ad-Hoc|Any CPU
		Ad-Hoc|ARM = Ad-Hoc|ARM
		Ad-Hoc|iPhone = Ad-Hoc|iPhone
		Ad-Hoc|iPhoneSimulator = Ad-Hoc|iPhoneSimulator
		Ad-Hoc|x64 = Ad-Hoc|x64
		Ad-Hoc|x86 = Ad-Hoc|x86
		AppStore|Any CPU = AppStore|Any CPU
		AppStore|ARM = AppStore|ARM
		AppStore|iPhone = AppStore|iPhone
		AppStore|iPhoneSimulator = AppStore|iPhoneSimulator
		AppStore|x64 = AppStore|x64
		AppStore|x86 = AppStore|x86
		Debug|Any CPU = Debug|Any CPU
		Debug|ARM = Debug|ARM
		Debug|iPhone = Debug|iPhone
		Debug|iPhoneSimulator = Debug|iPhoneSimulator
		Debug|x64 = Debug|x64
		Debug|x86 = Debug|x86
		Release|Any CPU = Release|Any CPU
		Release|ARM = Release|ARM
		Release|iPhone = Release|iPhone
		Release|iPhoneSimulator = Release|iPhoneSimulator
		Release|x64 = Release|x64
		Release|x86 = Release|x86
	EndGlobalSection
	GlobalSection(ProjectConfigurationPlatforms) = postSolution
		{E11376E0-F16C-44FE-867A-B12F78C9B99A}.Ad-Hoc|Any CPU.ActiveCfg = Release|Any CPU
		{E11376E0-F16C-44FE-867A-B12F78C9B99A}.Ad-Hoc|Any CPU.Build.0 = Release|Any CPU
		{E11376E0-F16C-44FE-867A-B12F78C9B99A}.Ad-Hoc|Any CPU.Deploy.0 = Release|Any CPU
		{E11376E0-F16C-44FE-867A-B12F78C9B99A}.Ad-Hoc|ARM.ActiveCfg = Release|Any CPU
		{E11376E0-F16C-44FE-867A-B12F78C9B99A}.Ad-Hoc|ARM.Build.0 = Release|Any CPU
		{E11376E0-F16C-44FE-867A-B12F78C9B99A}.Ad-Hoc|ARM.Deploy.0 = Release|Any CPU
		{E11376E0-F16C-44FE-867A-B12F78C9B99A}.Ad-Hoc|iPhone.ActiveCfg = Release|Any CPU
		{E11376E0-F16C-44FE-867A-B12F78C9B99A}.Ad-Hoc|iPhone.Build.0 = Release|Any CPU
		{E11376E0-F16C-44FE-867A-B12F78C9B99A}.Ad-Hoc|iPhone.Deploy.0 = Release|Any CPU
		{E11376E0-F16C-44FE-867A-B12F78C9B99A}.Ad-Hoc|iPhoneSimulator.ActiveCfg = Release|Any CPU
		{E11376E0-F16C-44FE-867A-B12F78C9B99A}.Ad-Hoc|iPhoneSimulator.Build.0 = Release|Any CPU
		{E11376E0-F16C-44FE-867A-B12F78C9B99A}.Ad-Hoc|iPhoneSimulator.Deploy.0 = Release|Any CPU
		{E11376E0-F16C-44FE-867A-B12F78C9B99A}.Ad-Hoc|x64.ActiveCfg = Release|Any CPU
		{E11376E0-F16C-44FE-867A-B12F78C9B99A}.Ad-Hoc|x64.Build.0 = Release|Any CPU
		{E11376E0-F16C-44FE-867A-B12F78C9B99A}.Ad-Hoc|x64.Deploy.0 = Release|Any CPU
		{E11376E0-F16C-44FE-867A-B12F78C9B99A}.Ad-Hoc|x86.ActiveCfg = Release|Any CPU
		{E11376E0-F16C-44FE-867A-B12F78C9B99A}.Ad-Hoc|x86.Build.0 = Release|Any CPU
		{E11376E0-F16C-44FE-867A-B12F78C9B99A}.Ad-Hoc|x86.Deploy.0 = Release|Any CPU
		{E11376E0-F16C-44FE-867A-B12F78C9B99A}.AppStore|Any CPU.ActiveCfg = Release|Any CPU
		{E11376E0-F16C-44FE-867A-B12F78C9B99A}.AppStore|Any CPU.Build.0 = Release|Any CPU
		{E11376E0-F16C-44FE-867A-B12F78C9B99A}.AppStore|Any CPU.Deploy.0 = Release|Any CPU
		{E11376E0-F16C-44FE-867A-B12F78C9B99A}.AppStore|ARM.ActiveCfg = Release|Any CPU
		{E11376E0-F16C-44FE-867A-B12F78C9B99A}.AppStore|ARM.Build.0 = Release|Any CPU
		{E11376E0-F16C-44FE-867A-B12F78C9B99A}.AppStore|ARM.Deploy.0 = Release|Any CPU
		{E11376E0-F16C-44FE-867A-B12F78C9B99A}.AppStore|iPhone.ActiveCfg = Release|Any CPU
		{E11376E0-F16C-44FE-867A-B12F78C9B99A}.AppStore|iPhone.Build.0 = Release|Any CPU
		{E11376E0-F16C-44FE-867A-B12F78C9B99A}.AppStore|iPhone.Deploy.0 = Release|Any CPU
		{E11376E0-F16C-44FE-867A-B12F78C9B99A}.AppStore|iPhoneSimulator.ActiveCfg = Release|Any CPU
		{E11376E0-F16C-44FE-867A-B12F78C9B99A}.AppStore|iPhoneSimulator.Build.0 = Release|Any CPU
		{E11376E0-F16C-44FE-867A-B12F78C9B99A}.AppStore|iPhoneSimulator.Deploy.0 = Release|Any CPU
		{E11376E0-F16C-44FE-867A-B12F78C9B99A}.AppStore|x64.ActiveCfg = Release|Any CPU
		{E11376E0-F16C-44FE-867A-B12F78C9B99A}.AppStore|x64.Build.0 = Release|Any CPU
		{E11376E0-F16C-44FE-867A-B12F78C9B99A}.AppStore|x64.Deploy.0 = Release|Any CPU
		{E11376E0-F16C-44FE-867A-B12F78C9B99A}.AppStore|x86.ActiveCfg = Release|Any CPU
		{E11376E0-F16C-44FE-867A-B12F78C9B99A}.AppStore|x86.Build.0 = Release|Any CPU
		{E11376E0-F16C-44FE-867A-B12F78C9B99A}.AppStore|x86.Deploy.0 = Release|Any CPU
		{E11376E0-F16C-44FE-867A-B12F78C9B99A}.Debug|Any CPU.ActiveCfg = Debug|Any CPU
		{E11376E0-F16C-44FE-867A-B12F78C9B99A}.Debug|Any CPU.Build.0 = Debug|Any CPU
		{E11376E0-F16C-44FE-867A-B12F78C9B99A}.Debug|Any CPU.Deploy.0 = Debug|Any CPU
		{E11376E0-F16C-44FE-867A-B12F78C9B99A}.Debug|ARM.ActiveCfg = Debug|Any CPU
		{E11376E0-F16C-44FE-867A-B12F78C9B99A}.Debug|ARM.Build.0 = Debug|Any CPU
		{E11376E0-F16C-44FE-867A-B12F78C9B99A}.Debug|ARM.Deploy.0 = Debug|Any CPU
		{E11376E0-F16C-44FE-867A-B12F78C9B99A}.Debug|iPhone.ActiveCfg = Debug|Any CPU
		{E11376E0-F16C-44FE-867A-B12F78C9B99A}.Debug|iPhone.Build.0 = Debug|Any CPU
		{E11376E0-F16C-44FE-867A-B12F78C9B99A}.Debug|iPhone.Deploy.0 = Debug|Any CPU
		{E11376E0-F16C-44FE-867A-B12F78C9B99A}.Debug|iPhoneSimulator.ActiveCfg = Debug|Any CPU
		{E11376E0-F16C-44FE-867A-B12F78C9B99A}.Debug|iPhoneSimulator.Build.0 = Debug|Any CPU
		{E11376E0-F16C-44FE-867A-B12F78C9B99A}.Debug|iPhoneSimulator.Deploy.0 = Debug|Any CPU
		{E11376E0-F16C-44FE-867A-B12F78C9B99A}.Debug|x64.ActiveCfg = Debug|Any CPU
		{E11376E0-F16C-44FE-867A-B12F78C9B99A}.Debug|x64.Build.0 = Debug|Any CPU
		{E11376E0-F16C-44FE-867A-B12F78C9B99A}.Debug|x64.Deploy.0 = Debug|Any CPU
		{E11376E0-F16C-44FE-867A-B12F78C9B99A}.Debug|x86.ActiveCfg = Debug|Any CPU
		{E11376E0-F16C-44FE-867A-B12F78C9B99A}.Debug|x86.Build.0 = Debug|Any CPU
		{E11376E0-F16C-44FE-867A-B12F78C9B99A}.Debug|x86.Deploy.0 = Debug|Any CPU
		{E11376E0-F16C-44FE-867A-B12F78C9B99A}.Release|Any CPU.ActiveCfg = Release|Any CPU
		{E11376E0-F16C-44FE-867A-B12F78C9B99A}.Release|Any CPU.Build.0 = Release|Any CPU
		{E11376E0-F16C-44FE-867A-B12F78C9B99A}.Release|Any CPU.Deploy.0 = Release|Any CPU
		{E11376E0-F16C-44FE-867A-B12F78C9B99A}.Release|ARM.ActiveCfg = Release|Any CPU
		{E11376E0-F16C-44FE-867A-B12F78C9B99A}.Release|ARM.Build.0 = Release|Any CPU
		{E11376E0-F16C-44FE-867A-B12F78C9B99A}.Release|ARM.Deploy.0 = Release|Any CPU
		{E11376E0-F16C-44FE-867A-B12F78C9B99A}.Release|iPhone.ActiveCfg = Release|Any CPU
		{E11376E0-F16C-44FE-867A-B12F78C9B99A}.Release|iPhone.Build.0 = Release|Any CPU
		{E11376E0-F16C-44FE-867A-B12F78C9B99A}.Release|iPhone.Deploy.0 = Release|Any CPU
		{E11376E0-F16C-44FE-867A-B12F78C9B99A}.Release|iPhoneSimulator.ActiveCfg = Release|Any CPU
		{E11376E0-F16C-44FE-867A-B12F78C9B99A}.Release|iPhoneSimulator.Build.0 = Release|Any CPU
		{E11376E0-F16C-44FE-867A-B12F78C9B99A}.Release|iPhoneSimulator.Deploy.0 = Release|Any CPU
		{E11376E0-F16C-44FE-867A-B12F78C9B99A}.Release|x64.ActiveCfg = Release|Any CPU
		{E11376E0-F16C-44FE-867A-B12F78C9B99A}.Release|x64.Build.0 = Release|Any CPU
		{E11376E0-F16C-44FE-867A-B12F78C9B99A}.Release|x64.Deploy.0 = Release|Any CPU
		{E11376E0-F16C-44FE-867A-B12F78C9B99A}.Release|x86.ActiveCfg = Release|Any CPU
		{E11376E0-F16C-44FE-867A-B12F78C9B99A}.Release|x86.Build.0 = Release|Any CPU
		{E11376E0-F16C-44FE-867A-B12F78C9B99A}.Release|x86.Deploy.0 = Release|Any CPU
		{56EDA5AC-6002-41E7-9112-B0E4A07AEA52}.Ad-Hoc|Any CPU.ActiveCfg = Ad-Hoc|iPhone
		{56EDA5AC-6002-41E7-9112-B0E4A07AEA52}.Ad-Hoc|ARM.ActiveCfg = Ad-Hoc|iPhone
		{56EDA5AC-6002-41E7-9112-B0E4A07AEA52}.Ad-Hoc|iPhone.ActiveCfg = Ad-Hoc|iPhone
		{56EDA5AC-6002-41E7-9112-B0E4A07AEA52}.Ad-Hoc|iPhone.Build.0 = Ad-Hoc|iPhone
		{56EDA5AC-6002-41E7-9112-B0E4A07AEA52}.Ad-Hoc|iPhoneSimulator.ActiveCfg = Ad-Hoc|iPhoneSimulator
		{56EDA5AC-6002-41E7-9112-B0E4A07AEA52}.Ad-Hoc|iPhoneSimulator.Build.0 = Ad-Hoc|iPhoneSimulator
		{56EDA5AC-6002-41E7-9112-B0E4A07AEA52}.Ad-Hoc|x64.ActiveCfg = Ad-Hoc|iPhone
		{56EDA5AC-6002-41E7-9112-B0E4A07AEA52}.Ad-Hoc|x86.ActiveCfg = Ad-Hoc|iPhone
		{56EDA5AC-6002-41E7-9112-B0E4A07AEA52}.AppStore|Any CPU.ActiveCfg = AppStore|iPhone
		{56EDA5AC-6002-41E7-9112-B0E4A07AEA52}.AppStore|ARM.ActiveCfg = AppStore|iPhone
		{56EDA5AC-6002-41E7-9112-B0E4A07AEA52}.AppStore|iPhone.ActiveCfg = AppStore|iPhone
		{56EDA5AC-6002-41E7-9112-B0E4A07AEA52}.AppStore|iPhone.Build.0 = AppStore|iPhone
		{56EDA5AC-6002-41E7-9112-B0E4A07AEA52}.AppStore|iPhoneSimulator.ActiveCfg = AppStore|iPhoneSimulator
		{56EDA5AC-6002-41E7-9112-B0E4A07AEA52}.AppStore|iPhoneSimulator.Build.0 = AppStore|iPhoneSimulator
		{56EDA5AC-6002-41E7-9112-B0E4A07AEA52}.AppStore|x64.ActiveCfg = AppStore|iPhone
		{56EDA5AC-6002-41E7-9112-B0E4A07AEA52}.AppStore|x86.ActiveCfg = AppStore|iPhone
		{56EDA5AC-6002-41E7-9112-B0E4A07AEA52}.Debug|Any CPU.ActiveCfg = Debug|iPhone
		{56EDA5AC-6002-41E7-9112-B0E4A07AEA52}.Debug|ARM.ActiveCfg = Debug|iPhone
		{56EDA5AC-6002-41E7-9112-B0E4A07AEA52}.Debug|iPhone.ActiveCfg = Debug|iPhone
		{56EDA5AC-6002-41E7-9112-B0E4A07AEA52}.Debug|iPhone.Build.0 = Debug|iPhone
		{56EDA5AC-6002-41E7-9112-B0E4A07AEA52}.Debug|iPhoneSimulator.ActiveCfg = Debug|iPhoneSimulator
		{56EDA5AC-6002-41E7-9112-B0E4A07AEA52}.Debug|iPhoneSimulator.Build.0 = Debug|iPhoneSimulator
		{56EDA5AC-6002-41E7-9112-B0E4A07AEA52}.Debug|x64.ActiveCfg = Debug|iPhone
		{56EDA5AC-6002-41E7-9112-B0E4A07AEA52}.Debug|x86.ActiveCfg = Debug|iPhone
		{56EDA5AC-6002-41E7-9112-B0E4A07AEA52}.Release|Any CPU.ActiveCfg = Release|iPhone
		{56EDA5AC-6002-41E7-9112-B0E4A07AEA52}.Release|ARM.ActiveCfg = Release|iPhone
		{56EDA5AC-6002-41E7-9112-B0E4A07AEA52}.Release|iPhone.ActiveCfg = Release|iPhone
		{56EDA5AC-6002-41E7-9112-B0E4A07AEA52}.Release|iPhone.Build.0 = Release|iPhone
		{56EDA5AC-6002-41E7-9112-B0E4A07AEA52}.Release|iPhoneSimulator.ActiveCfg = Release|iPhoneSimulator
		{56EDA5AC-6002-41E7-9112-B0E4A07AEA52}.Release|iPhoneSimulator.Build.0 = Release|iPhoneSimulator
		{56EDA5AC-6002-41E7-9112-B0E4A07AEA52}.Release|x64.ActiveCfg = Release|iPhone
		{56EDA5AC-6002-41E7-9112-B0E4A07AEA52}.Release|x86.ActiveCfg = Release|iPhone
		{B87A8742-4453-4A3C-806A-6C29709BA0AD}.Ad-Hoc|Any CPU.ActiveCfg = Release|Any CPU
		{B87A8742-4453-4A3C-806A-6C29709BA0AD}.Ad-Hoc|Any CPU.Build.0 = Release|Any CPU
		{B87A8742-4453-4A3C-806A-6C29709BA0AD}.Ad-Hoc|ARM.ActiveCfg = Release|Any CPU
		{B87A8742-4453-4A3C-806A-6C29709BA0AD}.Ad-Hoc|ARM.Build.0 = Release|Any CPU
		{B87A8742-4453-4A3C-806A-6C29709BA0AD}.Ad-Hoc|iPhone.ActiveCfg = Release|Any CPU
		{B87A8742-4453-4A3C-806A-6C29709BA0AD}.Ad-Hoc|iPhone.Build.0 = Release|Any CPU
		{B87A8742-4453-4A3C-806A-6C29709BA0AD}.Ad-Hoc|iPhoneSimulator.ActiveCfg = Release|Any CPU
		{B87A8742-4453-4A3C-806A-6C29709BA0AD}.Ad-Hoc|iPhoneSimulator.Build.0 = Release|Any CPU
		{B87A8742-4453-4A3C-806A-6C29709BA0AD}.Ad-Hoc|x64.ActiveCfg = Release|Any CPU
		{B87A8742-4453-4A3C-806A-6C29709BA0AD}.Ad-Hoc|x64.Build.0 = Release|Any CPU
		{B87A8742-4453-4A3C-806A-6C29709BA0AD}.Ad-Hoc|x86.ActiveCfg = Release|Any CPU
		{B87A8742-4453-4A3C-806A-6C29709BA0AD}.Ad-Hoc|x86.Build.0 = Release|Any CPU
		{B87A8742-4453-4A3C-806A-6C29709BA0AD}.AppStore|Any CPU.ActiveCfg = Release|Any CPU
		{B87A8742-4453-4A3C-806A-6C29709BA0AD}.AppStore|Any CPU.Build.0 = Release|Any CPU
		{B87A8742-4453-4A3C-806A-6C29709BA0AD}.AppStore|ARM.ActiveCfg = Release|Any CPU
		{B87A8742-4453-4A3C-806A-6C29709BA0AD}.AppStore|ARM.Build.0 = Release|Any CPU
		{B87A8742-4453-4A3C-806A-6C29709BA0AD}.AppStore|iPhone.ActiveCfg = Release|Any CPU
		{B87A8742-4453-4A3C-806A-6C29709BA0AD}.AppStore|iPhone.Build.0 = Release|Any CPU
		{B87A8742-4453-4A3C-806A-6C29709BA0AD}.AppStore|iPhoneSimulator.ActiveCfg = Release|Any CPU
		{B87A8742-4453-4A3C-806A-6C29709BA0AD}.AppStore|iPhoneSimulator.Build.0 = Release|Any CPU
		{B87A8742-4453-4A3C-806A-6C29709BA0AD}.AppStore|x64.ActiveCfg = Release|Any CPU
		{B87A8742-4453-4A3C-806A-6C29709BA0AD}.AppStore|x64.Build.0 = Release|Any CPU
		{B87A8742-4453-4A3C-806A-6C29709BA0AD}.AppStore|x86.ActiveCfg = Release|Any CPU
		{B87A8742-4453-4A3C-806A-6C29709BA0AD}.AppStore|x86.Build.0 = Release|Any CPU
		{B87A8742-4453-4A3C-806A-6C29709BA0AD}.Debug|Any CPU.ActiveCfg = Debug|Any CPU
		{B87A8742-4453-4A3C-806A-6C29709BA0AD}.Debug|Any CPU.Build.0 = Debug|Any CPU
		{B87A8742-4453-4A3C-806A-6C29709BA0AD}.Debug|ARM.ActiveCfg = Debug|Any CPU
		{B87A8742-4453-4A3C-806A-6C29709BA0AD}.Debug|ARM.Build.0 = Debug|Any CPU
		{B87A8742-4453-4A3C-806A-6C29709BA0AD}.Debug|iPhone.ActiveCfg = Debug|Any CPU
		{B87A8742-4453-4A3C-806A-6C29709BA0AD}.Debug|iPhone.Build.0 = Debug|Any CPU
		{B87A8742-4453-4A3C-806A-6C29709BA0AD}.Debug|iPhoneSimulator.ActiveCfg = Debug|Any CPU
		{B87A8742-4453-4A3C-806A-6C29709BA0AD}.Debug|iPhoneSimulator.Build.0 = Debug|Any CPU
		{B87A8742-4453-4A3C-806A-6C29709BA0AD}.Debug|x64.ActiveCfg = Debug|Any CPU
		{B87A8742-4453-4A3C-806A-6C29709BA0AD}.Debug|x64.Build.0 = Debug|Any CPU
		{B87A8742-4453-4A3C-806A-6C29709BA0AD}.Debug|x86.ActiveCfg = Debug|Any CPU
		{B87A8742-4453-4A3C-806A-6C29709BA0AD}.Debug|x86.Build.0 = Debug|Any CPU
		{B87A8742-4453-4A3C-806A-6C29709BA0AD}.Release|Any CPU.ActiveCfg = Release|Any CPU
		{B87A8742-4453-4A3C-806A-6C29709BA0AD}.Release|Any CPU.Build.0 = Release|Any CPU
		{B87A8742-4453-4A3C-806A-6C29709BA0AD}.Release|ARM.ActiveCfg = Release|Any CPU
		{B87A8742-4453-4A3C-806A-6C29709BA0AD}.Release|ARM.Build.0 = Release|Any CPU
		{B87A8742-4453-4A3C-806A-6C29709BA0AD}.Release|iPhone.ActiveCfg = Release|Any CPU
		{B87A8742-4453-4A3C-806A-6C29709BA0AD}.Release|iPhone.Build.0 = Release|Any CPU
		{B87A8742-4453-4A3C-806A-6C29709BA0AD}.Release|iPhoneSimulator.ActiveCfg = Release|Any CPU
		{B87A8742-4453-4A3C-806A-6C29709BA0AD}.Release|iPhoneSimulator.Build.0 = Release|Any CPU
		{B87A8742-4453-4A3C-806A-6C29709BA0AD}.Release|x64.ActiveCfg = Release|Any CPU
		{B87A8742-4453-4A3C-806A-6C29709BA0AD}.Release|x64.Build.0 = Release|Any CPU
		{B87A8742-4453-4A3C-806A-6C29709BA0AD}.Release|x86.ActiveCfg = Release|Any CPU
		{B87A8742-4453-4A3C-806A-6C29709BA0AD}.Release|x86.Build.0 = Release|Any CPU
	EndGlobalSection
	GlobalSection(SolutionProperties) = preSolution
		HideSolutionNode = FALSE
	EndGlobalSection
EndGlobal
